// !$*UTF8*$!
{
	archiveVersion = 1;
	classes = {
	};
	objectVersion = 56;
	objects = {

/* Begin PBXBuildFile section */
		C3927C0629AC02EF0047C7E3 /* AppDelegate.swift in Sources */ = {isa = PBXBuildFile; fileRef = C3927C0529AC02EF0047C7E3 /* AppDelegate.swift */; };
		C3927C0829AC02EF0047C7E3 /* SceneDelegate.swift in Sources */ = {isa = PBXBuildFile; fileRef = C3927C0729AC02EF0047C7E3 /* SceneDelegate.swift */; };
		C3927C0A29AC02EF0047C7E3 /* ViewController.swift in Sources */ = {isa = PBXBuildFile; fileRef = C3927C0929AC02EF0047C7E3 /* ViewController.swift */; };
		C3927C0D29AC02EF0047C7E3 /* Main.storyboard in Resources */ = {isa = PBXBuildFile; fileRef = C3927C0B29AC02EF0047C7E3 /* Main.storyboard */; };
		C3927C0F29AC02F20047C7E3 /* Assets.xcassets in Resources */ = {isa = PBXBuildFile; fileRef = C3927C0E29AC02F20047C7E3 /* Assets.xcassets */; };
		C3927C1229AC02F20047C7E3 /* LaunchScreen.storyboard in Resources */ = {isa = PBXBuildFile; fileRef = C3927C1029AC02F20047C7E3 /* LaunchScreen.storyboard */; };
		C3927C1D29AC02F20047C7E3 /* interfaceBuilderBasicsTests.swift in Sources */ = {isa = PBXBuildFile; fileRef = C3927C1C29AC02F20047C7E3 /* interfaceBuilderBasicsTests.swift */; };
		C3927C2729AC02F20047C7E3 /* interfaceBuilderBasicsUITests.swift in Sources */ = {isa = PBXBuildFile; fileRef = C3927C2629AC02F20047C7E3 /* interfaceBuilderBasicsUITests.swift */; };
		C3927C2929AC02F20047C7E3 /* interfaceBuilderBasicsUITestsLaunchTests.swift in Sources */ = {isa = PBXBuildFile; fileRef = C3927C2829AC02F20047C7E3 /* interfaceBuilderBasicsUITestsLaunchTests.swift */; };
/* End PBXBuildFile section */

/* Begin PBXContainerItemProxy section */
		C3927C1929AC02F20047C7E3 /* PBXContainerItemProxy */ = {
			isa = PBXContainerItemProxy;
			containerPortal = C3927BFA29AC02EF0047C7E3 /* Project object */;
			proxyType = 1;
			remoteGlobalIDString = C3927C0129AC02EF0047C7E3;
			remoteInfo = interfaceBuilderBasics;
		};
		C3927C2329AC02F20047C7E3 /* PBXContainerItemProxy */ = {
			isa = PBXContainerItemProxy;
			containerPortal = C3927BFA29AC02EF0047C7E3 /* Project object */;
			proxyType = 1;
			remoteGlobalIDString = C3927C0129AC02EF0047C7E3;
			remoteInfo = interfaceBuilderBasics;
		};
/* End PBXContainerItemProxy section */

/* Begin PBXFileReference section */
		C3927C0229AC02EF0047C7E3 /* interfaceBuilderBasics.app */ = {isa = PBXFileReference; explicitFileType = wrapper.application; includeInIndex = 0; path = interfaceBuilderBasics.app; sourceTree = BUILT_PRODUCTS_DIR; };
		C3927C0529AC02EF0047C7E3 /* AppDelegate.swift */ = {isa = PBXFileReference; lastKnownFileType = sourcecode.swift; path = AppDelegate.swift; sourceTree = "<group>"; };
		C3927C0729AC02EF0047C7E3 /* SceneDelegate.swift */ = {isa = PBXFileReference; lastKnownFileType = sourcecode.swift; path = SceneDelegate.swift; sourceTree = "<group>"; };
		C3927C0929AC02EF0047C7E3 /* ViewController.swift */ = {isa = PBXFileReference; lastKnownFileType = sourcecode.swift; path = ViewController.swift; sourceTree = "<group>"; };
		C3927C0C29AC02EF0047C7E3 /* Base */ = {isa = PBXFileReference; lastKnownFileType = file.storyboard; name = Base; path = Base.lproj/Main.storyboard; sourceTree = "<group>"; };
		C3927C0E29AC02F20047C7E3 /* Assets.xcassets */ = {isa = PBXFileReference; lastKnownFileType = folder.assetcatalog; path = Assets.xcassets; sourceTree = "<group>"; };
		C3927C1129AC02F20047C7E3 /* Base */ = {isa = PBXFileReference; lastKnownFileType = file.storyboard; name = Base; path = Base.lproj/LaunchScreen.storyboard; sourceTree = "<group>"; };
		C3927C1329AC02F20047C7E3 /* Info.plist */ = {isa = PBXFileReference; lastKnownFileType = text.plist.xml; path = Info.plist; sourceTree = "<group>"; };
		C3927C1829AC02F20047C7E3 /* interfaceBuilderBasicsTests.xctest */ = {isa = PBXFileReference; explicitFileType = wrapper.cfbundle; includeInIndex = 0; path = interfaceBuilderBasicsTests.xctest; sourceTree = BUILT_PRODUCTS_DIR; };
		C3927C1C29AC02F20047C7E3 /* interfaceBuilderBasicsTests.swift */ = {isa = PBXFileReference; lastKnownFileType = sourcecode.swift; path = interfaceBuilderBasicsTests.swift; sourceTree = "<group>"; };
		C3927C2229AC02F20047C7E3 /* interfaceBuilderBasicsUITests.xctest */ = {isa = PBXFileReference; explicitFileType = wrapper.cfbundle; includeInIndex = 0; path = interfaceBuilderBasicsUITests.xctest; sourceTree = BUILT_PRODUCTS_DIR; };
		C3927C2629AC02F20047C7E3 /* interfaceBuilderBasicsUITests.swift */ = {isa = PBXFileReference; lastKnownFileType = sourcecode.swift; path = interfaceBuilderBasicsUITests.swift; sourceTree = "<group>"; };
		C3927C2829AC02F20047C7E3 /* interfaceBuilderBasicsUITestsLaunchTests.swift */ = {isa = PBXFileReference; lastKnownFileType = sourcecode.swift; path = interfaceBuilderBasicsUITestsLaunchTests.swift; sourceTree = "<group>"; };
/* End PBXFileReference section */

/* Begin PBXFrameworksBuildPhase section */
		C3927BFF29AC02EF0047C7E3 /* Frameworks */ = {
			isa = PBXFrameworksBuildPhase;
			buildActionMask = 2147483647;
			files = (
			);
			runOnlyForDeploymentPostprocessing = 0;
		};
		C3927C1529AC02F20047C7E3 /* Frameworks */ = {
			isa = PBXFrameworksBuildPhase;
			buildActionMask = 2147483647;
			files = (
			);
			runOnlyForDeploymentPostprocessing = 0;
		};
		C3927C1F29AC02F20047C7E3 /* Frameworks */ = {
			isa = PBXFrameworksBuildPhase;
			buildActionMask = 2147483647;
			files = (
			);
			runOnlyForDeploymentPostprocessing = 0;
		};
/* End PBXFrameworksBuildPhase section */

/* Begin PBXGroup section */
		C3927BF929AC02EF0047C7E3 = {
			isa = PBXGroup;
			children = (
				C3927C0429AC02EF0047C7E3 /* interfaceBuilderBasics */,
				C3927C1B29AC02F20047C7E3 /* interfaceBuilderBasicsTests */,
				C3927C2529AC02F20047C7E3 /* interfaceBuilderBasicsUITests */,
				C3927C0329AC02EF0047C7E3 /* Products */,
			);
			sourceTree = "<group>";
		};
		C3927C0329AC02EF0047C7E3 /* Products */ = {
			isa = PBXGroup;
			children = (
				C3927C0229AC02EF0047C7E3 /* interfaceBuilderBasics.app */,
				C3927C1829AC02F20047C7E3 /* interfaceBuilderBasicsTests.xctest */,
				C3927C2229AC02F20047C7E3 /* interfaceBuilderBasicsUITests.xctest */,
			);
			name = Products;
			sourceTree = "<group>";
		};
		C3927C0429AC02EF0047C7E3 /* interfaceBuilderBasics */ = {
			isa = PBXGroup;
			children = (
				C3927C0529AC02EF0047C7E3 /* AppDelegate.swift */,
				C3927C0729AC02EF0047C7E3 /* SceneDelegate.swift */,
				C3927C0929AC02EF0047C7E3 /* ViewController.swift */,
				C3927C0B29AC02EF0047C7E3 /* Main.storyboard */,
				C3927C0E29AC02F20047C7E3 /* Assets.xcassets */,
				C3927C1029AC02F20047C7E3 /* LaunchScreen.storyboard */,
				C3927C1329AC02F20047C7E3 /* Info.plist */,
			);
			path = interfaceBuilderBasics;
			sourceTree = "<group>";
		};
		C3927C1B29AC02F20047C7E3 /* interfaceBuilderBasicsTests */ = {
			isa = PBXGroup;
			children = (
				C3927C1C29AC02F20047C7E3 /* interfaceBuilderBasicsTests.swift */,
			);
			path = interfaceBuilderBasicsTests;
			sourceTree = "<group>";
		};
		C3927C2529AC02F20047C7E3 /* interfaceBuilderBasicsUITests */ = {
			isa = PBXGroup;
			children = (
				C3927C2629AC02F20047C7E3 /* interfaceBuilderBasicsUITests.swift */,
				C3927C2829AC02F20047C7E3 /* interfaceBuilderBasicsUITestsLaunchTests.swift */,
			);
			path = interfaceBuilderBasicsUITests;
			sourceTree = "<group>";
		};
/* End PBXGroup section */

/* Begin PBXNativeTarget section */
		C3927C0129AC02EF0047C7E3 /* interfaceBuilderBasics */ = {
			isa = PBXNativeTarget;
			buildConfigurationList = C3927C2C29AC02F20047C7E3 /* Build configuration list for PBXNativeTarget "interfaceBuilderBasics" */;
			buildPhases = (
				C3927BFE29AC02EF0047C7E3 /* Sources */,
				C3927BFF29AC02EF0047C7E3 /* Frameworks */,
				C3927C0029AC02EF0047C7E3 /* Resources */,
			);
			buildRules = (
			);
			dependencies = (
			);
			name = interfaceBuilderBasics;
			productName = interfaceBuilderBasics;
			productReference = C3927C0229AC02EF0047C7E3 /* interfaceBuilderBasics.app */;
			productType = "com.apple.product-type.application";
		};
		C3927C1729AC02F20047C7E3 /* interfaceBuilderBasicsTests */ = {
			isa = PBXNativeTarget;
			buildConfigurationList = C3927C2F29AC02F20047C7E3 /* Build configuration list for PBXNativeTarget "interfaceBuilderBasicsTests" */;
			buildPhases = (
				C3927C1429AC02F20047C7E3 /* Sources */,
				C3927C1529AC02F20047C7E3 /* Frameworks */,
				C3927C1629AC02F20047C7E3 /* Resources */,
			);
			buildRules = (
			);
			dependencies = (
				C3927C1A29AC02F20047C7E3 /* PBXTargetDependency */,
			);
			name = interfaceBuilderBasicsTests;
			productName = interfaceBuilderBasicsTests;
			productReference = C3927C1829AC02F20047C7E3 /* interfaceBuilderBasicsTests.xctest */;
			productType = "com.apple.product-type.bundle.unit-test";
		};
		C3927C2129AC02F20047C7E3 /* interfaceBuilderBasicsUITests */ = {
			isa = PBXNativeTarget;
			buildConfigurationList = C3927C3229AC02F20047C7E3 /* Build configuration list for PBXNativeTarget "interfaceBuilderBasicsUITests" */;
			buildPhases = (
				C3927C1E29AC02F20047C7E3 /* Sources */,
				C3927C1F29AC02F20047C7E3 /* Frameworks */,
				C3927C2029AC02F20047C7E3 /* Resources */,
			);
			buildRules = (
			);
			dependencies = (
				C3927C2429AC02F20047C7E3 /* PBXTargetDependency */,
			);
			name = interfaceBuilderBasicsUITests;
			productName = interfaceBuilderBasicsUITests;
			productReference = C3927C2229AC02F20047C7E3 /* interfaceBuilderBasicsUITests.xctest */;
			productType = "com.apple.product-type.bundle.ui-testing";
		};
/* End PBXNativeTarget section */

/* Begin PBXProject section */
		C3927BFA29AC02EF0047C7E3 /* Project object */ = {
			isa = PBXProject;
			attributes = {
				BuildIndependentTargetsInParallel = 1;
				LastSwiftUpdateCheck = 1420;
				LastUpgradeCheck = 1420;
				TargetAttributes = {
					C3927C0129AC02EF0047C7E3 = {
						CreatedOnToolsVersion = 14.2;
					};
					C3927C1729AC02F20047C7E3 = {
						CreatedOnToolsVersion = 14.2;
						TestTargetID = C3927C0129AC02EF0047C7E3;
					};
					C3927C2129AC02F20047C7E3 = {
						CreatedOnToolsVersion = 14.2;
						TestTargetID = C3927C0129AC02EF0047C7E3;
					};
				};
			};
			buildConfigurationList = C3927BFD29AC02EF0047C7E3 /* Build configuration list for PBXProject "interfaceBuilderBasics" */;
			compatibilityVersion = "Xcode 14.0";
			developmentRegion = en;
			hasScannedForEncodings = 0;
			knownRegions = (
				en,
				Base,
			);
			mainGroup = C3927BF929AC02EF0047C7E3;
			productRefGroup = C3927C0329AC02EF0047C7E3 /* Products */;
			projectDirPath = "";
			projectRoot = "";
			targets = (
				C3927C0129AC02EF0047C7E3 /* interfaceBuilderBasics */,
				C3927C1729AC02F20047C7E3 /* interfaceBuilderBasicsTests */,
				C3927C2129AC02F20047C7E3 /* interfaceBuilderBasicsUITests */,
			);
		};
/* End PBXProject section */

/* Begin PBXResourcesBuildPhase section */
		C3927C0029AC02EF0047C7E3 /* Resources */ = {
			isa = PBXResourcesBuildPhase;
			buildActionMask = 2147483647;
			files = (
				C3927C1229AC02F20047C7E3 /* LaunchScreen.storyboard in Resources */,
				C3927C0F29AC02F20047C7E3 /* Assets.xcassets in Resources */,
				C3927C0D29AC02EF0047C7E3 /* Main.storyboard in Resources */,
			);
			runOnlyForDeploymentPostprocessing = 0;
		};
		C3927C1629AC02F20047C7E3 /* Resources */ = {
			isa = PBXResourcesBuildPhase;
			buildActionMask = 2147483647;
			files = (
			);
			runOnlyForDeploymentPostprocessing = 0;
		};
		C3927C2029AC02F20047C7E3 /* Resources */ = {
			isa = PBXResourcesBuildPhase;
			buildActionMask = 2147483647;
			files = (
			);
			runOnlyForDeploymentPostprocessing = 0;
		};
/* End PBXResourcesBuildPhase section */

/* Begin PBXSourcesBuildPhase section */
		C3927BFE29AC02EF0047C7E3 /* Sources */ = {
			isa = PBXSourcesBuildPhase;
			buildActionMask = 2147483647;
			files = (
				C3927C0A29AC02EF0047C7E3 /* ViewController.swift in Sources */,
				C3927C0629AC02EF0047C7E3 /* AppDelegate.swift in Sources */,
				C3927C0829AC02EF0047C7E3 /* SceneDelegate.swift in Sources */,
			);
			runOnlyForDeploymentPostprocessing = 0;
		};
		C3927C1429AC02F20047C7E3 /* Sources */ = {
			isa = PBXSourcesBuildPhase;
			buildActionMask = 2147483647;
			files = (
				C3927C1D29AC02F20047C7E3 /* interfaceBuilderBasicsTests.swift in Sources */,
			);
			runOnlyForDeploymentPostprocessing = 0;
		};
		C3927C1E29AC02F20047C7E3 /* Sources */ = {
			isa = PBXSourcesBuildPhase;
			buildActionMask = 2147483647;
			files = (
				C3927C2729AC02F20047C7E3 /* interfaceBuilderBasicsUITests.swift in Sources */,
				C3927C2929AC02F20047C7E3 /* interfaceBuilderBasicsUITestsLaunchTests.swift in Sources */,
			);
			runOnlyForDeploymentPostprocessing = 0;
		};
/* End PBXSourcesBuildPhase section */

/* Begin PBXTargetDependency section */
		C3927C1A29AC02F20047C7E3 /* PBXTargetDependency */ = {
			isa = PBXTargetDependency;
			target = C3927C0129AC02EF0047C7E3 /* interfaceBuilderBasics */;
			targetProxy = C3927C1929AC02F20047C7E3 /* PBXContainerItemProxy */;
		};
		C3927C2429AC02F20047C7E3 /* PBXTargetDependency */ = {
			isa = PBXTargetDependency;
			target = C3927C0129AC02EF0047C7E3 /* interfaceBuilderBasics */;
			targetProxy = C3927C2329AC02F20047C7E3 /* PBXContainerItemProxy */;
		};
/* End PBXTargetDependency section */

/* Begin PBXVariantGroup section */
		C3927C0B29AC02EF0047C7E3 /* Main.storyboard */ = {
			isa = PBXVariantGroup;
			children = (
				C3927C0C29AC02EF0047C7E3 /* Base */,
			);
			name = Main.storyboard;
			sourceTree = "<group>";
		};
		C3927C1029AC02F20047C7E3 /* LaunchScreen.storyboard */ = {
			isa = PBXVariantGroup;
			children = (
				C3927C1129AC02F20047C7E3 /* Base */,
			);
			name = LaunchScreen.storyboard;
			sourceTree = "<group>";
		};
/* End PBXVariantGroup section */

/* Begin XCBuildConfiguration section */
		C3927C2A29AC02F20047C7E3 /* Debug */ = {
			isa = XCBuildConfiguration;
			buildSettings = {
				ALWAYS_SEARCH_USER_PATHS = NO;
				CLANG_ANALYZER_NONNULL = YES;
				CLANG_ANALYZER_NUMBER_OBJECT_CONVERSION = YES_AGGRESSIVE;
				CLANG_CXX_LANGUAGE_STANDARD = "gnu++20";
				CLANG_ENABLE_MODULES = YES;
				CLANG_ENABLE_OBJC_ARC = YES;
				CLANG_ENABLE_OBJC_WEAK = YES;
				CLANG_WARN_BLOCK_CAPTURE_AUTORELEASING = YES;
				CLANG_WARN_BOOL_CONVERSION = YES;
				CLANG_WARN_COMMA = YES;
				CLANG_WARN_CONSTANT_CONVERSION = YES;
				CLANG_WARN_DEPRECATED_OBJC_IMPLEMENTATIONS = YES;
				CLANG_WARN_DIRECT_OBJC_ISA_USAGE = YES_ERROR;
				CLANG_WARN_DOCUMENTATION_COMMENTS = YES;
				CLANG_WARN_EMPTY_BODY = YES;
				CLANG_WARN_ENUM_CONVERSION = YES;
				CLANG_WARN_INFINITE_RECURSION = YES;
				CLANG_WARN_INT_CONVERSION = YES;
				CLANG_WARN_NON_LITERAL_NULL_CONVERSION = YES;
				CLANG_WARN_OBJC_IMPLICIT_RETAIN_SELF = YES;
				CLANG_WARN_OBJC_LITERAL_CONVERSION = YES;
				CLANG_WARN_OBJC_ROOT_CLASS = YES_ERROR;
				CLANG_WARN_QUOTED_INCLUDE_IN_FRAMEWORK_HEADER = YES;
				CLANG_WARN_RANGE_LOOP_ANALYSIS = YES;
				CLANG_WARN_STRICT_PROTOTYPES = YES;
				CLANG_WARN_SUSPICIOUS_MOVE = YES;
				CLANG_WARN_UNGUARDED_AVAILABILITY = YES_AGGRESSIVE;
				CLANG_WARN_UNREACHABLE_CODE = YES;
				CLANG_WARN__DUPLICATE_METHOD_MATCH = YES;
				COPY_PHASE_STRIP = NO;
				DEBUG_INFORMATION_FORMAT = dwarf;
				ENABLE_STRICT_OBJC_MSGSEND = YES;
				ENABLE_TESTABILITY = YES;
				GCC_C_LANGUAGE_STANDARD = gnu11;
				GCC_DYNAMIC_NO_PIC = NO;
				GCC_NO_COMMON_BLOCKS = YES;
				GCC_OPTIMIZATION_LEVEL = 0;
				GCC_PREPROCESSOR_DEFINITIONS = (
					"DEBUG=1",
					"$(inherited)",
				);
				GCC_WARN_64_TO_32_BIT_CONVERSION = YES;
				GCC_WARN_ABOUT_RETURN_TYPE = YES_ERROR;
				GCC_WARN_UNDECLARED_SELECTOR = YES;
				GCC_WARN_UNINITIALIZED_AUTOS = YES_AGGRESSIVE;
				GCC_WARN_UNUSED_FUNCTION = YES;
				GCC_WARN_UNUSED_VARIABLE = YES;
				IPHONEOS_DEPLOYMENT_TARGET = 16.2;
				MTL_ENABLE_DEBUG_INFO = INCLUDE_SOURCE;
				MTL_FAST_MATH = YES;
				ONLY_ACTIVE_ARCH = YES;
				SDKROOT = iphoneos;
				SWIFT_ACTIVE_COMPILATION_CONDITIONS = DEBUG;
				SWIFT_OPTIMIZATION_LEVEL = "-Onone";
			};
			name = Debug;
		};
		C3927C2B29AC02F20047C7E3 /* Release */ = {
			isa = XCBuildConfiguration;
			buildSettings = {
				ALWAYS_SEARCH_USER_PATHS = NO;
				CLANG_ANALYZER_NONNULL = YES;
				CLANG_ANALYZER_NUMBER_OBJECT_CONVERSION = YES_AGGRESSIVE;
				CLANG_CXX_LANGUAGE_STANDARD = "gnu++20";
				CLANG_ENABLE_MODULES = YES;
				CLANG_ENABLE_OBJC_ARC = YES;
				CLANG_ENABLE_OBJC_WEAK = YES;
				CLANG_WARN_BLOCK_CAPTURE_AUTORELEASING = YES;
				CLANG_WARN_BOOL_CONVERSION = YES;
				CLANG_WARN_COMMA = YES;
				CLANG_WARN_CONSTANT_CONVERSION = YES;
				CLANG_WARN_DEPRECATED_OBJC_IMPLEMENTATIONS = YES;
				CLANG_WARN_DIRECT_OBJC_ISA_USAGE = YES_ERROR;
				CLANG_WARN_DOCUMENTATION_COMMENTS = YES;
				CLANG_WARN_EMPTY_BODY = YES;
				CLANG_WARN_ENUM_CONVERSION = YES;
				CLANG_WARN_INFINITE_RECURSION = YES;
				CLANG_WARN_INT_CONVERSION = YES;
				CLANG_WARN_NON_LITERAL_NULL_CONVERSION = YES;
				CLANG_WARN_OBJC_IMPLICIT_RETAIN_SELF = YES;
				CLANG_WARN_OBJC_LITERAL_CONVERSION = YES;
				CLANG_WARN_OBJC_ROOT_CLASS = YES_ERROR;
				CLANG_WARN_QUOTED_INCLUDE_IN_FRAMEWORK_HEADER = YES;
				CLANG_WARN_RANGE_LOOP_ANALYSIS = YES;
				CLANG_WARN_STRICT_PROTOTYPES = YES;
				CLANG_WARN_SUSPICIOUS_MOVE = YES;
				CLANG_WARN_UNGUARDED_AVAILABILITY = YES_AGGRESSIVE;
				CLANG_WARN_UNREACHABLE_CODE = YES;
				CLANG_WARN__DUPLICATE_METHOD_MATCH = YES;
				COPY_PHASE_STRIP = NO;
				DEBUG_INFORMATION_FORMAT = "dwarf-with-dsym";
				ENABLE_NS_ASSERTIONS = NO;
				ENABLE_STRICT_OBJC_MSGSEND = YES;
				GCC_C_LANGUAGE_STANDARD = gnu11;
				GCC_NO_COMMON_BLOCKS = YES;
				GCC_WARN_64_TO_32_BIT_CONVERSION = YES;
				GCC_WARN_ABOUT_RETURN_TYPE = YES_ERROR;
				GCC_WARN_UNDECLARED_SELECTOR = YES;
				GCC_WARN_UNINITIALIZED_AUTOS = YES_AGGRESSIVE;
				GCC_WARN_UNUSED_FUNCTION = YES;
				GCC_WARN_UNUSED_VARIABLE = YES;
				IPHONEOS_DEPLOYMENT_TARGET = 16.2;
				MTL_ENABLE_DEBUG_INFO = NO;
				MTL_FAST_MATH = YES;
				SDKROOT = iphoneos;
				SWIFT_COMPILATION_MODE = wholemodule;
				SWIFT_OPTIMIZATION_LEVEL = "-O";
				VALIDATE_PRODUCT = YES;
			};
			name = Release;
		};
		C3927C2D29AC02F20047C7E3 /* Debug */ = {
			isa = XCBuildConfiguration;
			buildSettings = {
				ASSETCATALOG_COMPILER_APPICON_NAME = AppIcon;
				ASSETCATALOG_COMPILER_GLOBAL_ACCENT_COLOR_NAME = AccentColor;
				CODE_SIGN_STYLE = Automatic;
				CURRENT_PROJECT_VERSION = 1;
				GENERATE_INFOPLIST_FILE = YES;
				INFOPLIST_FILE = interfaceBuilderBasics/Info.plist;
				INFOPLIST_KEY_UIApplicationSupportsIndirectInputEvents = YES;
				INFOPLIST_KEY_UILaunchStoryboardName = LaunchScreen;
				INFOPLIST_KEY_UIMainStoryboardFile = Main;
				INFOPLIST_KEY_UISupportedInterfaceOrientations_iPad = "UIInterfaceOrientationPortrait UIInterfaceOrientationPortraitUpsideDown UIInterfaceOrientationLandscapeLeft UIInterfaceOrientationLandscapeRight";
				INFOPLIST_KEY_UISupportedInterfaceOrientations_iPhone = "UIInterfaceOrientationPortrait UIInterfaceOrientationLandscapeLeft UIInterfaceOrientationLandscapeRight";
				LD_RUNPATH_SEARCH_PATHS = (
					"$(inherited)",
					"@executable_path/Frameworks",
				);
				MARKETING_VERSION = 1.0;
				PRODUCT_BUNDLE_IDENTIFIER = kbtu.interfaceBuilderBasics;
				PRODUCT_NAME = "$(TARGET_NAME)";
				SWIFT_EMIT_LOC_STRINGS = YES;
				SWIFT_VERSION = 5.0;
				TARGETED_DEVICE_FAMILY = "1,2";
			};
			name = Debug;
		};
		C3927C2E29AC02F20047C7E3 /* Release */ = {
			isa = XCBuildConfiguration;
			buildSettings = {
				ASSETCATALOG_COMPILER_APPICON_NAME = AppIcon;
				ASSETCATALOG_COMPILER_GLOBAL_ACCENT_COLOR_NAME = AccentColor;
				CODE_SIGN_STYLE = Automatic;
				CURRENT_PROJECT_VERSION = 1;
				GENERATE_INFOPLIST_FILE = YES;
				INFOPLIST_FILE = interfaceBuilderBasics/Info.plist;
				INFOPLIST_KEY_UIApplicationSupportsIndirectInputEvents = YES;
				INFOPLIST_KEY_UILaunchStoryboardName = LaunchScreen;
				INFOPLIST_KEY_UIMainStoryboardFile = Main;
				INFOPLIST_KEY_UISupportedInterfaceOrientations_iPad = "UIInterfaceOrientationPortrait UIInterfaceOrientationPortraitUpsideDown UIInterfaceOrientationLandscapeLeft UIInterfaceOrientationLandscapeRight";
				INFOPLIST_KEY_UISupportedInterfaceOrientations_iPhone = "UIInterfaceOrientationPortrait UIInterfaceOrientationLandscapeLeft UIInterfaceOrientationLandscapeRight";
				LD_RUNPATH_SEARCH_PATHS = (
					"$(inherited)",
					"@executable_path/Frameworks",
				);
				MARKETING_VERSION = 1.0;
				PRODUCT_BUNDLE_IDENTIFIER = kbtu.interfaceBuilderBasics;
				PRODUCT_NAME = "$(TARGET_NAME)";
				SWIFT_EMIT_LOC_STRINGS = YES;
				SWIFT_VERSION = 5.0;
				TARGETED_DEVICE_FAMILY = "1,2";
			};
			name = Release;
		};
		C3927C3029AC02F20047C7E3 /* Debug */ = {
			isa = XCBuildConfiguration;
			buildSettings = {
				ALWAYS_EMBED_SWIFT_STANDARD_LIBRARIES = YES;
				BUNDLE_LOADER = "$(TEST_HOST)";
				CODE_SIGN_STYLE = Automatic;
				CURRENT_PROJECT_VERSION = 1;
				GENERATE_INFOPLIST_FILE = YES;
				IPHONEOS_DEPLOYMENT_TARGET = 16.2;
				MARKETING_VERSION = 1.0;
				PRODUCT_BUNDLE_IDENTIFIER = kbtu.interfaceBuilderBasicsTests;
				PRODUCT_NAME = "$(TARGET_NAME)";
				SWIFT_EMIT_LOC_STRINGS = NO;
				SWIFT_VERSION = 5.0;
				TARGETED_DEVICE_FAMILY = "1,2";
				TEST_HOST = "$(BUILT_PRODUCTS_DIR)/interfaceBuilderBasics.app/$(BUNDLE_EXECUTABLE_FOLDER_PATH)/interfaceBuilderBasics";
			};
			name = Debug;
		};
		C3927C3129AC02F20047C7E3 /* Release */ = {
			isa = XCBuildConfiguration;
			buildSettings = {
				ALWAYS_EMBED_SWIFT_STANDARD_LIBRARIES = YES;
				BUNDLE_LOADER = "$(TEST_HOST)";
				CODE_SIGN_STYLE = Automatic;
				CURRENT_PROJECT_VERSION = 1;
				GENERATE_INFOPLIST_FILE = YES;
				IPHONEOS_DEPLOYMENT_TARGET = 16.2;
				MARKETING_VERSION = 1.0;
				PRODUCT_BUNDLE_IDENTIFIER = kbtu.interfaceBuilderBasicsTests;
				PRODUCT_NAME = "$(TARGET_NAME)";
				SWIFT_EMIT_LOC_STRINGS = NO;
				SWIFT_VERSION = 5.0;
				TARGETED_DEVICE_FAMILY = "1,2";
				TEST_HOST = "$(BUILT_PRODUCTS_DIR)/interfaceBuilderBasics.app/$(BUNDLE_EXECUTABLE_FOLDER_PATH)/interfaceBuilderBasics";
			};
			name = Release;
		};
		C3927C3329AC02F20047C7E3 /* Debug */ = {
			isa = XCBuildConfiguration;
			buildSettings = {
				ALWAYS_EMBED_SWIFT_STANDARD_LIBRARIES = YES;
				CODE_SIGN_STYLE = Automatic;
				CURRENT_PROJECT_VERSION = 1;
				GENERATE_INFOPLIST_FILE = YES;
				MARKETING_VERSION = 1.0;
				PRODUCT_BUNDLE_IDENTIFIER = kbtu.interfaceBuilderBasicsUITests;
				PRODUCT_NAME = "$(TARGET_NAME)";
				SWIFT_EMIT_LOC_STRINGS = NO;
				SWIFT_VERSION = 5.0;
				TARGETED_DEVICE_FAMILY = "1,2";
				TEST_TARGET_NAME = interfaceBuilderBasics;
			};
			name = Debug;
		};
		C3927C3429AC02F20047C7E3 /* Release */ = {
			isa = XCBuildConfiguration;
			buildSettings = {
				ALWAYS_EMBED_SWIFT_STANDARD_LIBRARIES = YES;
				CODE_SIGN_STYLE = Automatic;
				CURRENT_PROJECT_VERSION = 1;
				GENERATE_INFOPLIST_FILE = YES;
				MARKETING_VERSION = 1.0;
				PRODUCT_BUNDLE_IDENTIFIER = kbtu.interfaceBuilderBasicsUITests;
				PRODUCT_NAME = "$(TARGET_NAME)";
				SWIFT_EMIT_LOC_STRINGS = NO;
				SWIFT_VERSION = 5.0;
				TARGETED_DEVICE_FAMILY = "1,2";
				TEST_TARGET_NAME = interfaceBuilderBasics;
			};
			name = Release;
		};
/* End XCBuildConfiguration section */

/* Begin XCConfigurationList section */
		C3927BFD29AC02EF0047C7E3 /* Build configuration list for PBXProject "interfaceBuilderBasics" */ = {
			isa = XCConfigurationList;
			buildConfigurations = (
				C3927C2A29AC02F20047C7E3 /* Debug */,
				C3927C2B29AC02F20047C7E3 /* Release */,
			);
			defaultConfigurationIsVisible = 0;
			defaultConfigurationName = Release;
		};
		C3927C2C29AC02F20047C7E3 /* Build configuration list for PBXNativeTarget "interfaceBuilderBasics" */ = {
			isa = XCConfigurationList;
			buildConfigurations = (
				C3927C2D29AC02F20047C7E3 /* Debug */,
				C3927C2E29AC02F20047C7E3 /* Release */,
			);
			defaultConfigurationIsVisible = 0;
			defaultConfigurationName = Release;
		};
		C3927C2F29AC02F20047C7E3 /* Build configuration list for PBXNativeTarget "interfaceBuilderBasicsTests" */ = {
			isa = XCConfigurationList;
			buildConfigurations = (
				C3927C3029AC02F20047C7E3 /* Debug */,
				C3927C3129AC02F20047C7E3 /* Release */,
			);
			defaultConfigurationIsVisible = 0;
			defaultConfigurationName = Release;
		};
		C3927C3229AC02F20047C7E3 /* Build configuration list for PBXNativeTarget "interfaceBuilderBasicsUITests" */ = {
			isa = XCConfigurationList;
			buildConfigurations = (
				C3927C3329AC02F20047C7E3 /* Debug */,
				C3927C3429AC02F20047C7E3 /* Release */,
			);
			defaultConfigurationIsVisible = 0;
			defaultConfigurationName = Release;
		};
/* End XCConfigurationList section */
	};
	rootObject = C3927BFA29AC02EF0047C7E3 /* Project object */;
}
